
Microsoft Visual Studio Solution File, Format Version 12.00
# Visual Studio Version 17
VisualStudioVersion = 17.0.31903.59
MinimumVisualStudioVersion = 10.0.40219.1
Project("{FAE04EC0-301F-11D3-BF4B-00C04F79EFBC}") = "CoreLib", "CoreLib\CoreLib.csproj", "{7E96AA77-7D50-4E41-A105-9929518A5E48}"
EndProject
Project("{2150E333-8FDC-42A3-9474-1A3956D46DE8}") = "ProductAPI", "ProductAPI", "{952A549C-00DA-4E03-BDCD-DE53FE28E3D2}"
EndProject
Project("{FAE04EC0-301F-11D3-BF4B-00C04F79EFBC}") = "Infrastructure", "ProductAPI\Infrastructure\Infrastructure.csproj", "{C5E3EAB1-4835-4797-8396-B861393604B4}"
EndProject
Project("{FAE04EC0-301F-11D3-BF4B-00C04F79EFBC}") = "Core", "ProductAPI\Core\Core.csproj", "{86211C39-CB94-46FE-A4B9-10E3E12DBC79}"
EndProject
Project("{FAE04EC0-301F-11D3-BF4B-00C04F79EFBC}") = "Api", "ProductAPI\Api\Api.csproj", "{77AE1D70-0861-4B90-86FB-E1F34857523A}"
EndProject
Project("{2150E333-8FDC-42A3-9474-1A3956D46DE8}") = "OrderAPI", "OrderAPI", "{2BDBFEDE-8A2F-4FEE-A0D7-8AF11B1D3351}"
EndProject
Project("{FAE04EC0-301F-11D3-BF4B-00C04F79EFBC}") = "Core", "OrderAPI\Core\Core.csproj", "{4CDA566E-4013-4533-8619-99FE26FA265B}"
EndProject
Project("{FAE04EC0-301F-11D3-BF4B-00C04F79EFBC}") = "Infrastructure", "OrderAPI\Infrastructure\Infrastructure.csproj", "{FAF1F8DC-E199-46C0-9CF9-1E7169BB573E}"
EndProject
Project("{FAE04EC0-301F-11D3-BF4B-00C04F79EFBC}") = "Api", "OrderAPI\Api\Api.csproj", "{0DC23143-A182-48DF-AAE5-E0D150605F47}"
EndProject
Project("{2150E333-8FDC-42A3-9474-1A3956D46DE8}") = "AuthApi", "AuthApi", "{A330680B-D2D4-434A-B085-F75CF08C097C}"
EndProject
Project("{FAE04EC0-301F-11D3-BF4B-00C04F79EFBC}") = "Api", "AuthApi\Api\Api.csproj", "{45D08B5B-06D0-4850-A335-C3D5A1D845F7}"
EndProject
Project("{FAE04EC0-301F-11D3-BF4B-00C04F79EFBC}") = "Core", "AuthApi\Core\Core.csproj", "{4423EAB5-0D0D-4B6D-8DC7-A6C2736B5F2A}"
EndProject
Project("{FAE04EC0-301F-11D3-BF4B-00C04F79EFBC}") = "Infrastructure", "AuthApi\Infrastructure\Infrastructure.csproj", "{1B8062C9-2964-4EC3-9951-1DF5B171B788}"
EndProject
Project("{2150E333-8FDC-42A3-9474-1A3956D46DE8}") = "GatewayApi", "GatewayApi", "{18607A6B-BC0C-4D7E-9541-CADFE03712A6}"
EndProject
Project("{FAE04EC0-301F-11D3-BF4B-00C04F79EFBC}") = "Api", "GatewayApi\Api\Api.csproj", "{FBEE9B64-97EC-4291-8BC6-8545C0D360D1}"
EndProject
Global
	GlobalSection(SolutionConfigurationPlatforms) = preSolution
		Debug|Any CPU = Debug|Any CPU
		Release|Any CPU = Release|Any CPU
	EndGlobalSection
	GlobalSection(SolutionProperties) = preSolution
		HideSolutionNode = FALSE
	EndGlobalSection
	GlobalSection(ProjectConfigurationPlatforms) = postSolution
		{7E96AA77-7D50-4E41-A105-9929518A5E48}.Debug|Any CPU.ActiveCfg = Debug|Any CPU
		{7E96AA77-7D50-4E41-A105-9929518A5E48}.Debug|Any CPU.Build.0 = Debug|Any CPU
		{7E96AA77-7D50-4E41-A105-9929518A5E48}.Release|Any CPU.ActiveCfg = Release|Any CPU
		{7E96AA77-7D50-4E41-A105-9929518A5E48}.Release|Any CPU.Build.0 = Release|Any CPU
		{C5E3EAB1-4835-4797-8396-B861393604B4}.Debug|Any CPU.ActiveCfg = Debug|Any CPU
		{C5E3EAB1-4835-4797-8396-B861393604B4}.Debug|Any CPU.Build.0 = Debug|Any CPU
		{C5E3EAB1-4835-4797-8396-B861393604B4}.Release|Any CPU.ActiveCfg = Release|Any CPU
		{C5E3EAB1-4835-4797-8396-B861393604B4}.Release|Any CPU.Build.0 = Release|Any CPU
		{86211C39-CB94-46FE-A4B9-10E3E12DBC79}.Debug|Any CPU.ActiveCfg = Debug|Any CPU
		{86211C39-CB94-46FE-A4B9-10E3E12DBC79}.Debug|Any CPU.Build.0 = Debug|Any CPU
		{86211C39-CB94-46FE-A4B9-10E3E12DBC79}.Release|Any CPU.ActiveCfg = Release|Any CPU
		{86211C39-CB94-46FE-A4B9-10E3E12DBC79}.Release|Any CPU.Build.0 = Release|Any CPU
		{77AE1D70-0861-4B90-86FB-E1F34857523A}.Debug|Any CPU.ActiveCfg = Debug|Any CPU
		{77AE1D70-0861-4B90-86FB-E1F34857523A}.Debug|Any CPU.Build.0 = Debug|Any CPU
		{77AE1D70-0861-4B90-86FB-E1F34857523A}.Release|Any CPU.ActiveCfg = Release|Any CPU
		{77AE1D70-0861-4B90-86FB-E1F34857523A}.Release|Any CPU.Build.0 = Release|Any CPU
		{4CDA566E-4013-4533-8619-99FE26FA265B}.Debug|Any CPU.ActiveCfg = Debug|Any CPU
		{4CDA566E-4013-4533-8619-99FE26FA265B}.Debug|Any CPU.Build.0 = Debug|Any CPU
		{4CDA566E-4013-4533-8619-99FE26FA265B}.Release|Any CPU.ActiveCfg = Release|Any CPU
		{4CDA566E-4013-4533-8619-99FE26FA265B}.Release|Any CPU.Build.0 = Release|Any CPU
		{FAF1F8DC-E199-46C0-9CF9-1E7169BB573E}.Debug|Any CPU.ActiveCfg = Debug|Any CPU
		{FAF1F8DC-E199-46C0-9CF9-1E7169BB573E}.Debug|Any CPU.Build.0 = Debug|Any CPU
		{FAF1F8DC-E199-46C0-9CF9-1E7169BB573E}.Release|Any CPU.ActiveCfg = Release|Any CPU
		{FAF1F8DC-E199-46C0-9CF9-1E7169BB573E}.Release|Any CPU.Build.0 = Release|Any CPU
		{0DC23143-A182-48DF-AAE5-E0D150605F47}.Debug|Any CPU.ActiveCfg = Debug|Any CPU
		{0DC23143-A182-48DF-AAE5-E0D150605F47}.Debug|Any CPU.Build.0 = Debug|Any CPU
		{0DC23143-A182-48DF-AAE5-E0D150605F47}.Release|Any CPU.ActiveCfg = Release|Any CPU
		{0DC23143-A182-48DF-AAE5-E0D150605F47}.Release|Any CPU.Build.0 = Release|Any CPU
		{45D08B5B-06D0-4850-A335-C3D5A1D845F7}.Debug|Any CPU.ActiveCfg = Debug|Any CPU
		{45D08B5B-06D0-4850-A335-C3D5A1D845F7}.Debug|Any CPU.Build.0 = Debug|Any CPU
		{45D08B5B-06D0-4850-A335-C3D5A1D845F7}.Release|Any CPU.ActiveCfg = Release|Any CPU
		{45D08B5B-06D0-4850-A335-C3D5A1D845F7}.Release|Any CPU.Build.0 = Release|Any CPU
		{4423EAB5-0D0D-4B6D-8DC7-A6C2736B5F2A}.Debug|Any CPU.ActiveCfg = Debug|Any CPU
		{4423EAB5-0D0D-4B6D-8DC7-A6C2736B5F2A}.Debug|Any CPU.Build.0 = Debug|Any CPU
		{4423EAB5-0D0D-4B6D-8DC7-A6C2736B5F2A}.Release|Any CPU.ActiveCfg = Release|Any CPU
		{4423EAB5-0D0D-4B6D-8DC7-A6C2736B5F2A}.Release|Any CPU.Build.0 = Release|Any CPU
		{1B8062C9-2964-4EC3-9951-1DF5B171B788}.Debug|Any CPU.ActiveCfg = Debug|Any CPU
		{1B8062C9-2964-4EC3-9951-1DF5B171B788}.Debug|Any CPU.Build.0 = Debug|Any CPU
		{1B8062C9-2964-4EC3-9951-1DF5B171B788}.Release|Any CPU.ActiveCfg = Release|Any CPU
		{1B8062C9-2964-4EC3-9951-1DF5B171B788}.Release|Any CPU.Build.0 = Release|Any CPU
		{FBEE9B64-97EC-4291-8BC6-8545C0D360D1}.Debug|Any CPU.ActiveCfg = Debug|Any CPU
		{FBEE9B64-97EC-4291-8BC6-8545C0D360D1}.Debug|Any CPU.Build.0 = Debug|Any CPU
		{FBEE9B64-97EC-4291-8BC6-8545C0D360D1}.Release|Any CPU.ActiveCfg = Release|Any CPU
		{FBEE9B64-97EC-4291-8BC6-8545C0D360D1}.Release|Any CPU.Build.0 = Release|Any CPU
	EndGlobalSection
	GlobalSection(NestedProjects) = preSolution
		{C5E3EAB1-4835-4797-8396-B861393604B4} = {952A549C-00DA-4E03-BDCD-DE53FE28E3D2}
		{86211C39-CB94-46FE-A4B9-10E3E12DBC79} = {952A549C-00DA-4E03-BDCD-DE53FE28E3D2}
		{77AE1D70-0861-4B90-86FB-E1F34857523A} = {952A549C-00DA-4E03-BDCD-DE53FE28E3D2}
		{4CDA566E-4013-4533-8619-99FE26FA265B} = {2BDBFEDE-8A2F-4FEE-A0D7-8AF11B1D3351}
		{FAF1F8DC-E199-46C0-9CF9-1E7169BB573E} = {2BDBFEDE-8A2F-4FEE-A0D7-8AF11B1D3351}
		{0DC23143-A182-48DF-AAE5-E0D150605F47} = {2BDBFEDE-8A2F-4FEE-A0D7-8AF11B1D3351}
		{45D08B5B-06D0-4850-A335-C3D5A1D845F7} = {A330680B-D2D4-434A-B085-F75CF08C097C}
		{4423EAB5-0D0D-4B6D-8DC7-A6C2736B5F2A} = {A330680B-D2D4-434A-B085-F75CF08C097C}
		{1B8062C9-2964-4EC3-9951-1DF5B171B788} = {A330680B-D2D4-434A-B085-F75CF08C097C}
		{FBEE9B64-97EC-4291-8BC6-8545C0D360D1} = {18607A6B-BC0C-4D7E-9541-CADFE03712A6}
	EndGlobalSection
EndGlobal
